
Microsoft Visual Studio Solution File, Format Version 12.00
# Visual Studio 2012
Project("{FAE04EC0-301F-11D3-BF4B-00C04F79EFBC}") = "Samples.GetStarted.iOS", "iOS\Samples.GetStarted.iOS.csproj", "{0265F7F0-9020-4B68-866D-781CFF0F6C95}"
EndProject
Project("{FAE04EC0-301F-11D3-BF4B-00C04F79EFBC}") = "Samples.GetStarted.Droid", "Droid\Samples.GetStarted.Droid.csproj", "{B6D47651-ED97-44F8-82CB-C094EE223125}"
EndProject
Project("{FAE04EC0-301F-11D3-BF4B-00C04F79EFBC}") = "Samples.GetStarted.Forms.Launcher", "Samples.GetStarted.Forms.Launcher\Samples.GetStarted.Forms.Launcher.csproj", "{2E0C641F-78B1-4437-9401-9E8BCDF20D4D}"
EndProject
Project("{FAE04EC0-301F-11D3-BF4B-00C04F79EFBC}") = "Samples.GetStarted.Forms.Presentation.Shell", "Samples.GetStarted.Forms.Presentation.Shell\Samples.GetStarted.Forms.Presentation.Shell.csproj", "{678AF5F6-57F5-4852-A461-1266A8E6D9AA}"
EndProject
Project("{FAE04EC0-301F-11D3-BF4B-00C04F79EFBC}") = "Samples.GetStarted.Forms.Shared", "Samples.GetStarted.Forms.Shared\Samples.GetStarted.Forms.Shared.csproj", "{DC0E6271-75BE-49D3-B0D7-B1ABC67F0981}"
EndProject
Project("{2150E333-8FDC-42A3-9474-1A3956D46DE8}") = "Presentation", "Presentation", "{C5E92917-5680-4ED7-AE37-FF6432C713FB}"
EndProject
Project("{2150E333-8FDC-42A3-9474-1A3956D46DE8}") = "Shared", "Shared", "{E03F07E3-311C-42A1-9FB0-2B8A3A35B2BF}"
EndProject
Project("{FAE04EC0-301F-11D3-BF4B-00C04F79EFBC}") = "Samples.GetStarted.Forms.Infra", "Samples.GetStarted.Forms.Infra\Samples.GetStarted.Forms.Infra.csproj", "{A49DAA60-1153-44B1-9A6B-0D9A826EBBCE}"
EndProject
Global
	GlobalSection(SolutionConfigurationPlatforms) = preSolution
		Debug|iPhoneSimulator = Debug|iPhoneSimulator
		Release|iPhone = Release|iPhone
		Release|iPhoneSimulator = Release|iPhoneSimulator
		Debug|iPhone = Debug|iPhone
		Debug|Any CPU = Debug|Any CPU
		Release|Any CPU = Release|Any CPU
	EndGlobalSection
	GlobalSection(ProjectConfigurationPlatforms) = postSolution
		{0265F7F0-9020-4B68-866D-781CFF0F6C95}.Debug|iPhoneSimulator.ActiveCfg = Debug|iPhoneSimulator
		{0265F7F0-9020-4B68-866D-781CFF0F6C95}.Debug|iPhoneSimulator.Build.0 = Debug|iPhoneSimulator
		{0265F7F0-9020-4B68-866D-781CFF0F6C95}.Release|iPhone.ActiveCfg = Release|iPhone
		{0265F7F0-9020-4B68-866D-781CFF0F6C95}.Release|iPhone.Build.0 = Release|iPhone
		{0265F7F0-9020-4B68-866D-781CFF0F6C95}.Release|iPhoneSimulator.ActiveCfg = Release|iPhoneSimulator
		{0265F7F0-9020-4B68-866D-781CFF0F6C95}.Release|iPhoneSimulator.Build.0 = Release|iPhoneSimulator
		{0265F7F0-9020-4B68-866D-781CFF0F6C95}.Debug|iPhone.ActiveCfg = Debug|iPhone
		{0265F7F0-9020-4B68-866D-781CFF0F6C95}.Debug|iPhone.Build.0 = Debug|iPhone
		{0265F7F0-9020-4B68-866D-781CFF0F6C95}.Debug|Any CPU.ActiveCfg = Debug|iPhoneSimulator
		{0265F7F0-9020-4B68-866D-781CFF0F6C95}.Debug|Any CPU.Build.0 = Debug|iPhoneSimulator
		{0265F7F0-9020-4B68-866D-781CFF0F6C95}.Release|Any CPU.ActiveCfg = Release|iPhone
		{0265F7F0-9020-4B68-866D-781CFF0F6C95}.Release|Any CPU.Build.0 = Release|iPhone
		{B6D47651-ED97-44F8-82CB-C094EE223125}.Debug|iPhoneSimulator.ActiveCfg = Debug|Any CPU
		{B6D47651-ED97-44F8-82CB-C094EE223125}.Debug|iPhoneSimulator.Build.0 = Debug|Any CPU
		{B6D47651-ED97-44F8-82CB-C094EE223125}.Release|iPhone.ActiveCfg = Release|Any CPU
		{B6D47651-ED97-44F8-82CB-C094EE223125}.Release|iPhone.Build.0 = Release|Any CPU
		{B6D47651-ED97-44F8-82CB-C094EE223125}.Release|iPhoneSimulator.ActiveCfg = Release|Any CPU
		{B6D47651-ED97-44F8-82CB-C094EE223125}.Release|iPhoneSimulator.Build.0 = Release|Any CPU
		{B6D47651-ED97-44F8-82CB-C094EE223125}.Debug|iPhone.ActiveCfg = Debug|Any CPU
		{B6D47651-ED97-44F8-82CB-C094EE223125}.Debug|iPhone.Build.0 = Debug|Any CPU
		{B6D47651-ED97-44F8-82CB-C094EE223125}.Debug|Any CPU.ActiveCfg = Debug|Any CPU
		{B6D47651-ED97-44F8-82CB-C094EE223125}.Debug|Any CPU.Build.0 = Debug|Any CPU
		{B6D47651-ED97-44F8-82CB-C094EE223125}.Release|Any CPU.ActiveCfg = Release|Any CPU
		{B6D47651-ED97-44F8-82CB-C094EE223125}.Release|Any CPU.Build.0 = Release|Any CPU
		{2E0C641F-78B1-4437-9401-9E8BCDF20D4D}.Debug|iPhoneSimulator.ActiveCfg = Debug|Any CPU
		{2E0C641F-78B1-4437-9401-9E8BCDF20D4D}.Debug|iPhoneSimulator.Build.0 = Debug|Any CPU
		{2E0C641F-78B1-4437-9401-9E8BCDF20D4D}.Release|iPhone.ActiveCfg = Release|Any CPU
		{2E0C641F-78B1-4437-9401-9E8BCDF20D4D}.Release|iPhone.Build.0 = Release|Any CPU
		{2E0C641F-78B1-4437-9401-9E8BCDF20D4D}.Release|iPhoneSimulator.ActiveCfg = Release|Any CPU
		{2E0C641F-78B1-4437-9401-9E8BCDF20D4D}.Release|iPhoneSimulator.Build.0 = Release|Any CPU
		{2E0C641F-78B1-4437-9401-9E8BCDF20D4D}.Debug|iPhone.ActiveCfg = Debug|Any CPU
		{2E0C641F-78B1-4437-9401-9E8BCDF20D4D}.Debug|iPhone.Build.0 = Debug|Any CPU
		{2E0C641F-78B1-4437-9401-9E8BCDF20D4D}.Debug|Any CPU.ActiveCfg = Debug|Any CPU
		{2E0C641F-78B1-4437-9401-9E8BCDF20D4D}.Debug|Any CPU.Build.0 = Debug|Any CPU
		{2E0C641F-78B1-4437-9401-9E8BCDF20D4D}.Release|Any CPU.ActiveCfg = Release|Any CPU
		{2E0C641F-78B1-4437-9401-9E8BCDF20D4D}.Release|Any CPU.Build.0 = Release|Any CPU
		{678AF5F6-57F5-4852-A461-1266A8E6D9AA}.Debug|iPhoneSimulator.ActiveCfg = Debug|Any CPU
		{678AF5F6-57F5-4852-A461-1266A8E6D9AA}.Debug|iPhoneSimulator.Build.0 = Debug|Any CPU
		{678AF5F6-57F5-4852-A461-1266A8E6D9AA}.Release|iPhone.ActiveCfg = Release|Any CPU
		{678AF5F6-57F5-4852-A461-1266A8E6D9AA}.Release|iPhone.Build.0 = Release|Any CPU
		{678AF5F6-57F5-4852-A461-1266A8E6D9AA}.Release|iPhoneSimulator.ActiveCfg = Release|Any CPU
		{678AF5F6-57F5-4852-A461-1266A8E6D9AA}.Release|iPhoneSimulator.Build.0 = Release|Any CPU
		{678AF5F6-57F5-4852-A461-1266A8E6D9AA}.Debug|iPhone.ActiveCfg = Debug|Any CPU
		{678AF5F6-57F5-4852-A461-1266A8E6D9AA}.Debug|iPhone.Build.0 = Debug|Any CPU
		{678AF5F6-57F5-4852-A461-1266A8E6D9AA}.Debug|Any CPU.ActiveCfg = Debug|Any CPU
		{678AF5F6-57F5-4852-A461-1266A8E6D9AA}.Debug|Any CPU.Build.0 = Debug|Any CPU
		{678AF5F6-57F5-4852-A461-1266A8E6D9AA}.Release|Any CPU.ActiveCfg = Release|Any CPU
		{678AF5F6-57F5-4852-A461-1266A8E6D9AA}.Release|Any CPU.Build.0 = Release|Any CPU
		{DC0E6271-75BE-49D3-B0D7-B1ABC67F0981}.Debug|iPhoneSimulator.ActiveCfg = Debug|Any CPU
		{DC0E6271-75BE-49D3-B0D7-B1ABC67F0981}.Debug|iPhoneSimulator.Build.0 = Debug|Any CPU
		{DC0E6271-75BE-49D3-B0D7-B1ABC67F0981}.Release|iPhone.ActiveCfg = Release|Any CPU
		{DC0E6271-75BE-49D3-B0D7-B1ABC67F0981}.Release|iPhone.Build.0 = Release|Any CPU
		{DC0E6271-75BE-49D3-B0D7-B1ABC67F0981}.Release|iPhoneSimulator.ActiveCfg = Release|Any CPU
		{DC0E6271-75BE-49D3-B0D7-B1ABC67F0981}.Release|iPhoneSimulator.Build.0 = Release|Any CPU
		{DC0E6271-75BE-49D3-B0D7-B1ABC67F0981}.Debug|iPhone.ActiveCfg = Debug|Any CPU
		{DC0E6271-75BE-49D3-B0D7-B1ABC67F0981}.Debug|iPhone.Build.0 = Debug|Any CPU
		{DC0E6271-75BE-49D3-B0D7-B1ABC67F0981}.Debug|Any CPU.ActiveCfg = Debug|Any CPU
		{DC0E6271-75BE-49D3-B0D7-B1ABC67F0981}.Debug|Any CPU.Build.0 = Debug|Any CPU
		{DC0E6271-75BE-49D3-B0D7-B1ABC67F0981}.Release|Any CPU.ActiveCfg = Release|Any CPU
		{DC0E6271-75BE-49D3-B0D7-B1ABC67F0981}.Release|Any CPU.Build.0 = Release|Any CPU
		{A49DAA60-1153-44B1-9A6B-0D9A826EBBCE}.Debug|iPhoneSimulator.ActiveCfg = Debug|Any CPU
		{A49DAA60-1153-44B1-9A6B-0D9A826EBBCE}.Debug|iPhoneSimulator.Build.0 = Debug|Any CPU
		{A49DAA60-1153-44B1-9A6B-0D9A826EBBCE}.Release|iPhone.ActiveCfg = Release|Any CPU
		{A49DAA60-1153-44B1-9A6B-0D9A826EBBCE}.Release|iPhone.Build.0 = Release|Any CPU
		{A49DAA60-1153-44B1-9A6B-0D9A826EBBCE}.Release|iPhoneSimulator.ActiveCfg = Release|Any CPU
		{A49DAA60-1153-44B1-9A6B-0D9A826EBBCE}.Release|iPhoneSimulator.Build.0 = Release|Any CPU
		{A49DAA60-1153-44B1-9A6B-0D9A826EBBCE}.Debug|iPhone.ActiveCfg = Debug|Any CPU
		{A49DAA60-1153-44B1-9A6B-0D9A826EBBCE}.Debug|iPhone.Build.0 = Debug|Any CPU
		{A49DAA60-1153-44B1-9A6B-0D9A826EBBCE}.Debug|Any CPU.ActiveCfg = Debug|Any CPU
		{A49DAA60-1153-44B1-9A6B-0D9A826EBBCE}.Debug|Any CPU.Build.0 = Debug|Any CPU
		{A49DAA60-1153-44B1-9A6B-0D9A826EBBCE}.Release|Any CPU.ActiveCfg = Release|Any CPU
		{A49DAA60-1153-44B1-9A6B-0D9A826EBBCE}.Release|Any CPU.Build.0 = Release|Any CPU
	EndGlobalSection
	GlobalSection(NestedProjects) = preSolution
		{678AF5F6-57F5-4852-A461-1266A8E6D9AA} = {C5E92917-5680-4ED7-AE37-FF6432C713FB}
		{2E0C641F-78B1-4437-9401-9E8BCDF20D4D} = {E03F07E3-311C-42A1-9FB0-2B8A3A35B2BF}
		{DC0E6271-75BE-49D3-B0D7-B1ABC67F0981} = {E03F07E3-311C-42A1-9FB0-2B8A3A35B2BF}
		{A49DAA60-1153-44B1-9A6B-0D9A826EBBCE} = {E03F07E3-311C-42A1-9FB0-2B8A3A35B2BF}
	EndGlobalSection
EndGlobal
