
Microsoft Visual Studio Solution File, Format Version 12.00
# Visual Studio 15
VisualStudioVersion = 15.0.27130.2027
MinimumVisualStudioVersion = 10.0.40219.1
Project("{2150E333-8FDC-42A3-9474-1A3956D46DE8}") = "Presentation", "Presentation", "{3F904694-4957-4160-A3BC-FF1D9F241694}"
EndProject
Project("{2150E333-8FDC-42A3-9474-1A3956D46DE8}") = "Model", "Model", "{82A80FDA-774E-4347-94D8-3CB3824103DE}"
EndProject
Project("{FAE04EC0-301F-11D3-BF4B-00C04F79EFBC}") = "Samples.Client.Model", "Samples.Client.Model\Samples.Client.Model.csproj", "{33766857-5FCE-4C2C-B167-E76A9F521FF0}"
EndProject
Project("{FAE04EC0-301F-11D3-BF4B-00C04F79EFBC}") = "Samples.GetStarted.Presentation.Shared", "Samples.GetStarted.Presentation.Shared\Samples.GetStarted.Presentation.Shared.csproj", "{A4245326-BB01-4B7A-B4DE-6EBCA9C8094E}"
EndProject
Project("{FAE04EC0-301F-11D3-BF4B-00C04F79EFBC}") = "Samples.GetStarted.Presentation.Shell", "Samples.GetStarted.Presentation.Shell\Samples.GetStarted.Presentation.Shell.csproj", "{5270F84D-8FF4-4756-83B0-78DD9777643D}"
EndProject
Project("{FAE04EC0-301F-11D3-BF4B-00C04F79EFBC}") = "Samples.GetStarted.Launcher", "Samples.GetStarted.Launcher\Samples.GetStarted.Launcher.csproj", "{1344B63D-D9A3-452F-9E42-BFA2CE948681}"
EndProject
Project("{9A19103F-16F7-4668-BE54-9A1E7A4F7556}") = "Samples.Client.Model.Contracts", "Samples.Client.Model.Contracts\Samples.Client.Model.Contracts.csproj", "{20E6E9F6-E85C-41AF-96DF-356622AD707B}"
EndProject
Project("{9A19103F-16F7-4668-BE54-9A1E7A4F7556}") = "Samples.Client.Model.Shared", "Samples.Client.Model.Shared\Samples.Client.Model.Shared.csproj", "{59993893-84FB-4685-AB53-445D8DA5C01B}"
EndProject
Global
	GlobalSection(SolutionConfigurationPlatforms) = preSolution
		Debug|Any CPU = Debug|Any CPU
		DebugWithFake|Any CPU = DebugWithFake|Any CPU
		DebugWithReal|Any CPU = DebugWithReal|Any CPU
		IntegrationWithFake|Any CPU = IntegrationWithFake|Any CPU
		Release|Any CPU = Release|Any CPU
		TestsWithFake|Any CPU = TestsWithFake|Any CPU
		TestsWithReal|Any CPU = TestsWithReal|Any CPU
	EndGlobalSection
	GlobalSection(ProjectConfigurationPlatforms) = postSolution
		{33766857-5FCE-4C2C-B167-E76A9F521FF0}.Debug|Any CPU.ActiveCfg = DebugWithFake|Any CPU
		{33766857-5FCE-4C2C-B167-E76A9F521FF0}.Debug|Any CPU.Build.0 = DebugWithFake|Any CPU
		{33766857-5FCE-4C2C-B167-E76A9F521FF0}.DebugWithFake|Any CPU.ActiveCfg = DebugWithFake|Any CPU
		{33766857-5FCE-4C2C-B167-E76A9F521FF0}.DebugWithFake|Any CPU.Build.0 = DebugWithFake|Any CPU
		{33766857-5FCE-4C2C-B167-E76A9F521FF0}.DebugWithReal|Any CPU.ActiveCfg = DebugWithReal|Any CPU
		{33766857-5FCE-4C2C-B167-E76A9F521FF0}.DebugWithReal|Any CPU.Build.0 = DebugWithReal|Any CPU
		{33766857-5FCE-4C2C-B167-E76A9F521FF0}.IntegrationWithFake|Any CPU.ActiveCfg = IntegrationWithFake|Any CPU
		{33766857-5FCE-4C2C-B167-E76A9F521FF0}.IntegrationWithFake|Any CPU.Build.0 = IntegrationWithFake|Any CPU
		{33766857-5FCE-4C2C-B167-E76A9F521FF0}.Release|Any CPU.ActiveCfg = Release|Any CPU
		{33766857-5FCE-4C2C-B167-E76A9F521FF0}.Release|Any CPU.Build.0 = Release|Any CPU
		{33766857-5FCE-4C2C-B167-E76A9F521FF0}.TestsWithFake|Any CPU.ActiveCfg = TestsWithFake|Any CPU
		{33766857-5FCE-4C2C-B167-E76A9F521FF0}.TestsWithFake|Any CPU.Build.0 = TestsWithFake|Any CPU
		{33766857-5FCE-4C2C-B167-E76A9F521FF0}.TestsWithReal|Any CPU.ActiveCfg = TestsWithReal|Any CPU
		{33766857-5FCE-4C2C-B167-E76A9F521FF0}.TestsWithReal|Any CPU.Build.0 = TestsWithReal|Any CPU
		{A4245326-BB01-4B7A-B4DE-6EBCA9C8094E}.Debug|Any CPU.ActiveCfg = Debug|Any CPU
		{A4245326-BB01-4B7A-B4DE-6EBCA9C8094E}.Debug|Any CPU.Build.0 = Debug|Any CPU
		{A4245326-BB01-4B7A-B4DE-6EBCA9C8094E}.DebugWithFake|Any CPU.ActiveCfg = Debug|Any CPU
		{A4245326-BB01-4B7A-B4DE-6EBCA9C8094E}.DebugWithFake|Any CPU.Build.0 = Debug|Any CPU
		{A4245326-BB01-4B7A-B4DE-6EBCA9C8094E}.DebugWithReal|Any CPU.ActiveCfg = Debug|Any CPU
		{A4245326-BB01-4B7A-B4DE-6EBCA9C8094E}.DebugWithReal|Any CPU.Build.0 = Debug|Any CPU
		{A4245326-BB01-4B7A-B4DE-6EBCA9C8094E}.IntegrationWithFake|Any CPU.ActiveCfg = Debug|Any CPU
		{A4245326-BB01-4B7A-B4DE-6EBCA9C8094E}.IntegrationWithFake|Any CPU.Build.0 = Debug|Any CPU
		{A4245326-BB01-4B7A-B4DE-6EBCA9C8094E}.Release|Any CPU.ActiveCfg = Release|Any CPU
		{A4245326-BB01-4B7A-B4DE-6EBCA9C8094E}.Release|Any CPU.Build.0 = Release|Any CPU
		{A4245326-BB01-4B7A-B4DE-6EBCA9C8094E}.TestsWithFake|Any CPU.ActiveCfg = Debug|Any CPU
		{A4245326-BB01-4B7A-B4DE-6EBCA9C8094E}.TestsWithFake|Any CPU.Build.0 = Debug|Any CPU
		{A4245326-BB01-4B7A-B4DE-6EBCA9C8094E}.TestsWithReal|Any CPU.ActiveCfg = Debug|Any CPU
		{A4245326-BB01-4B7A-B4DE-6EBCA9C8094E}.TestsWithReal|Any CPU.Build.0 = Debug|Any CPU
		{5270F84D-8FF4-4756-83B0-78DD9777643D}.Debug|Any CPU.ActiveCfg = Debug|Any CPU
		{5270F84D-8FF4-4756-83B0-78DD9777643D}.Debug|Any CPU.Build.0 = Debug|Any CPU
		{5270F84D-8FF4-4756-83B0-78DD9777643D}.DebugWithFake|Any CPU.ActiveCfg = Debug|Any CPU
		{5270F84D-8FF4-4756-83B0-78DD9777643D}.DebugWithFake|Any CPU.Build.0 = Debug|Any CPU
		{5270F84D-8FF4-4756-83B0-78DD9777643D}.DebugWithReal|Any CPU.ActiveCfg = Debug|Any CPU
		{5270F84D-8FF4-4756-83B0-78DD9777643D}.DebugWithReal|Any CPU.Build.0 = Debug|Any CPU
		{5270F84D-8FF4-4756-83B0-78DD9777643D}.IntegrationWithFake|Any CPU.ActiveCfg = Debug|Any CPU
		{5270F84D-8FF4-4756-83B0-78DD9777643D}.IntegrationWithFake|Any CPU.Build.0 = Debug|Any CPU
		{5270F84D-8FF4-4756-83B0-78DD9777643D}.Release|Any CPU.ActiveCfg = Release|Any CPU
		{5270F84D-8FF4-4756-83B0-78DD9777643D}.Release|Any CPU.Build.0 = Release|Any CPU
		{5270F84D-8FF4-4756-83B0-78DD9777643D}.TestsWithFake|Any CPU.ActiveCfg = Debug|Any CPU
		{5270F84D-8FF4-4756-83B0-78DD9777643D}.TestsWithFake|Any CPU.Build.0 = Debug|Any CPU
		{5270F84D-8FF4-4756-83B0-78DD9777643D}.TestsWithReal|Any CPU.ActiveCfg = Debug|Any CPU
		{5270F84D-8FF4-4756-83B0-78DD9777643D}.TestsWithReal|Any CPU.Build.0 = Debug|Any CPU
		{1344B63D-D9A3-452F-9E42-BFA2CE948681}.Debug|Any CPU.ActiveCfg = Debug|Any CPU
		{1344B63D-D9A3-452F-9E42-BFA2CE948681}.Debug|Any CPU.Build.0 = Debug|Any CPU
		{1344B63D-D9A3-452F-9E42-BFA2CE948681}.DebugWithFake|Any CPU.ActiveCfg = Debug|Any CPU
		{1344B63D-D9A3-452F-9E42-BFA2CE948681}.DebugWithFake|Any CPU.Build.0 = Debug|Any CPU
		{1344B63D-D9A3-452F-9E42-BFA2CE948681}.DebugWithReal|Any CPU.ActiveCfg = Debug|Any CPU
		{1344B63D-D9A3-452F-9E42-BFA2CE948681}.DebugWithReal|Any CPU.Build.0 = Debug|Any CPU
		{1344B63D-D9A3-452F-9E42-BFA2CE948681}.IntegrationWithFake|Any CPU.ActiveCfg = Debug|Any CPU
		{1344B63D-D9A3-452F-9E42-BFA2CE948681}.IntegrationWithFake|Any CPU.Build.0 = Debug|Any CPU
		{1344B63D-D9A3-452F-9E42-BFA2CE948681}.Release|Any CPU.ActiveCfg = Release|Any CPU
		{1344B63D-D9A3-452F-9E42-BFA2CE948681}.Release|Any CPU.Build.0 = Release|Any CPU
		{1344B63D-D9A3-452F-9E42-BFA2CE948681}.TestsWithFake|Any CPU.ActiveCfg = Debug|Any CPU
		{1344B63D-D9A3-452F-9E42-BFA2CE948681}.TestsWithFake|Any CPU.Build.0 = Debug|Any CPU
		{1344B63D-D9A3-452F-9E42-BFA2CE948681}.TestsWithReal|Any CPU.ActiveCfg = Debug|Any CPU
		{1344B63D-D9A3-452F-9E42-BFA2CE948681}.TestsWithReal|Any CPU.Build.0 = Debug|Any CPU
		{20E6E9F6-E85C-41AF-96DF-356622AD707B}.Debug|Any CPU.ActiveCfg = Debug|Any CPU
		{20E6E9F6-E85C-41AF-96DF-356622AD707B}.Debug|Any CPU.Build.0 = Debug|Any CPU
		{20E6E9F6-E85C-41AF-96DF-356622AD707B}.DebugWithFake|Any CPU.ActiveCfg = Debug|Any CPU
		{20E6E9F6-E85C-41AF-96DF-356622AD707B}.DebugWithFake|Any CPU.Build.0 = Debug|Any CPU
		{20E6E9F6-E85C-41AF-96DF-356622AD707B}.DebugWithReal|Any CPU.ActiveCfg = Debug|Any CPU
		{20E6E9F6-E85C-41AF-96DF-356622AD707B}.DebugWithReal|Any CPU.Build.0 = Debug|Any CPU
		{20E6E9F6-E85C-41AF-96DF-356622AD707B}.IntegrationWithFake|Any CPU.ActiveCfg = Debug|Any CPU
		{20E6E9F6-E85C-41AF-96DF-356622AD707B}.IntegrationWithFake|Any CPU.Build.0 = Debug|Any CPU
		{20E6E9F6-E85C-41AF-96DF-356622AD707B}.Release|Any CPU.ActiveCfg = Release|Any CPU
		{20E6E9F6-E85C-41AF-96DF-356622AD707B}.Release|Any CPU.Build.0 = Release|Any CPU
		{20E6E9F6-E85C-41AF-96DF-356622AD707B}.TestsWithFake|Any CPU.ActiveCfg = Debug|Any CPU
		{20E6E9F6-E85C-41AF-96DF-356622AD707B}.TestsWithFake|Any CPU.Build.0 = Debug|Any CPU
		{20E6E9F6-E85C-41AF-96DF-356622AD707B}.TestsWithReal|Any CPU.ActiveCfg = Debug|Any CPU
		{20E6E9F6-E85C-41AF-96DF-356622AD707B}.TestsWithReal|Any CPU.Build.0 = Debug|Any CPU
		{59993893-84FB-4685-AB53-445D8DA5C01B}.Debug|Any CPU.ActiveCfg = Debug|Any CPU
		{59993893-84FB-4685-AB53-445D8DA5C01B}.Debug|Any CPU.Build.0 = Debug|Any CPU
		{59993893-84FB-4685-AB53-445D8DA5C01B}.DebugWithFake|Any CPU.ActiveCfg = Debug|Any CPU
		{59993893-84FB-4685-AB53-445D8DA5C01B}.DebugWithFake|Any CPU.Build.0 = Debug|Any CPU
		{59993893-84FB-4685-AB53-445D8DA5C01B}.DebugWithReal|Any CPU.ActiveCfg = Debug|Any CPU
		{59993893-84FB-4685-AB53-445D8DA5C01B}.DebugWithReal|Any CPU.Build.0 = Debug|Any CPU
		{59993893-84FB-4685-AB53-445D8DA5C01B}.IntegrationWithFake|Any CPU.ActiveCfg = Debug|Any CPU
		{59993893-84FB-4685-AB53-445D8DA5C01B}.IntegrationWithFake|Any CPU.Build.0 = Debug|Any CPU
		{59993893-84FB-4685-AB53-445D8DA5C01B}.Release|Any CPU.ActiveCfg = Release|Any CPU
		{59993893-84FB-4685-AB53-445D8DA5C01B}.Release|Any CPU.Build.0 = Release|Any CPU
		{59993893-84FB-4685-AB53-445D8DA5C01B}.TestsWithFake|Any CPU.ActiveCfg = Debug|Any CPU
		{59993893-84FB-4685-AB53-445D8DA5C01B}.TestsWithFake|Any CPU.Build.0 = Debug|Any CPU
		{59993893-84FB-4685-AB53-445D8DA5C01B}.TestsWithReal|Any CPU.ActiveCfg = Debug|Any CPU
		{59993893-84FB-4685-AB53-445D8DA5C01B}.TestsWithReal|Any CPU.Build.0 = Debug|Any CPU
	EndGlobalSection
	GlobalSection(SolutionProperties) = preSolution
		HideSolutionNode = FALSE
	EndGlobalSection
	GlobalSection(NestedProjects) = preSolution
		{33766857-5FCE-4C2C-B167-E76A9F521FF0} = {82A80FDA-774E-4347-94D8-3CB3824103DE}
		{A4245326-BB01-4B7A-B4DE-6EBCA9C8094E} = {3F904694-4957-4160-A3BC-FF1D9F241694}
		{5270F84D-8FF4-4756-83B0-78DD9777643D} = {3F904694-4957-4160-A3BC-FF1D9F241694}
		{20E6E9F6-E85C-41AF-96DF-356622AD707B} = {82A80FDA-774E-4347-94D8-3CB3824103DE}
		{59993893-84FB-4685-AB53-445D8DA5C01B} = {82A80FDA-774E-4347-94D8-3CB3824103DE}
	EndGlobalSection
	GlobalSection(ExtensibilityGlobals) = postSolution
		SolutionGuid = {5451F62C-93DB-4DAE-9553-716FBF65D68A}
	EndGlobalSection
EndGlobal
