
Microsoft Visual Studio Solution File, Format Version 12.00
# Visual Studio 15
VisualStudioVersion = 15.0.27130.2027
MinimumVisualStudioVersion = 10.0.40219.1
Project("{2150E333-8FDC-42A3-9474-1A3956D46DE8}") = "Presentation", "Presentation", "{3F904694-4957-4160-A3BC-FF1D9F241694}"
EndProject
Project("{2150E333-8FDC-42A3-9474-1A3956D46DE8}") = "Model", "Model", "{82A80FDA-774E-4347-94D8-3CB3824103DE}"
EndProject
Project("{FAE04EC0-301F-11D3-BF4B-00C04F79EFBC}") = "Samples.Client.Model.Contracts", "Samples.Client.Model.Contracts\Samples.Client.Model.Contracts.csproj", "{536D34E4-A409-4567-B7C6-58F50206740E}"
EndProject
Project("{FAE04EC0-301F-11D3-BF4B-00C04F79EFBC}") = "Samples.Client.Model.Shared", "Samples.Client.Model.Shared\Samples.Client.Model.Shared.csproj", "{49724A56-9FA9-44C4-B731-1E414EE598BC}"
EndProject
Project("{FAE04EC0-301F-11D3-BF4B-00C04F79EFBC}") = "Samples.Client.Model", "Samples.Client.Model\Samples.Client.Model.csproj", "{33766857-5FCE-4C2C-B167-E76A9F521FF0}"
EndProject
Project("{FAE04EC0-301F-11D3-BF4B-00C04F79EFBC}") = "Samples.Specifications.Client.Launcher", "Samples.Specifications.Client.Launcher\Samples.Specifications.Client.Launcher.csproj", "{1344B63D-D9A3-452F-9E42-BFA2CE948681}"
EndProject
Project("{FAE04EC0-301F-11D3-BF4B-00C04F79EFBC}") = "Samples.Specifications.Client.Presentation.Shell", "Samples.Specifications.Client.Presentation.Shell\Samples.Specifications.Client.Presentation.Shell.csproj", "{5270F84D-8FF4-4756-83B0-78DD9777643D}"
EndProject
Project("{FAE04EC0-301F-11D3-BF4B-00C04F79EFBC}") = "Samples.Specifications.Client.Presentation.Shared", "Samples.Specifications.Client.Presentation.Shared\Samples.Specifications.Client.Presentation.Shared.csproj", "{A4245326-BB01-4B7A-B4DE-6EBCA9C8094E}"
EndProject
Global
	GlobalSection(SolutionConfigurationPlatforms) = preSolution
		Debug|Any CPU = Debug|Any CPU
		Release|Any CPU = Release|Any CPU
	EndGlobalSection
	GlobalSection(ProjectConfigurationPlatforms) = postSolution
		{536D34E4-A409-4567-B7C6-58F50206740E}.Debug|Any CPU.ActiveCfg = DebugWithFake|Any CPU
		{536D34E4-A409-4567-B7C6-58F50206740E}.Debug|Any CPU.Build.0 = DebugWithFake|Any CPU
		{536D34E4-A409-4567-B7C6-58F50206740E}.Release|Any CPU.ActiveCfg = Release|Any CPU
		{536D34E4-A409-4567-B7C6-58F50206740E}.Release|Any CPU.Build.0 = Release|Any CPU
		{49724A56-9FA9-44C4-B731-1E414EE598BC}.Debug|Any CPU.ActiveCfg = DebugWithFake|Any CPU
		{49724A56-9FA9-44C4-B731-1E414EE598BC}.Debug|Any CPU.Build.0 = DebugWithFake|Any CPU
		{49724A56-9FA9-44C4-B731-1E414EE598BC}.Release|Any CPU.ActiveCfg = Release|Any CPU
		{49724A56-9FA9-44C4-B731-1E414EE598BC}.Release|Any CPU.Build.0 = Release|Any CPU
		{33766857-5FCE-4C2C-B167-E76A9F521FF0}.Debug|Any CPU.ActiveCfg = DebugWithFake|Any CPU
		{33766857-5FCE-4C2C-B167-E76A9F521FF0}.Debug|Any CPU.Build.0 = DebugWithFake|Any CPU
		{33766857-5FCE-4C2C-B167-E76A9F521FF0}.Release|Any CPU.ActiveCfg = Release|Any CPU
		{33766857-5FCE-4C2C-B167-E76A9F521FF0}.Release|Any CPU.Build.0 = Release|Any CPU
		{1344B63D-D9A3-452F-9E42-BFA2CE948681}.Debug|Any CPU.ActiveCfg = DebugWithReal|Any CPU
		{1344B63D-D9A3-452F-9E42-BFA2CE948681}.Debug|Any CPU.Build.0 = DebugWithReal|Any CPU
		{1344B63D-D9A3-452F-9E42-BFA2CE948681}.Release|Any CPU.ActiveCfg = Release|Any CPU
		{1344B63D-D9A3-452F-9E42-BFA2CE948681}.Release|Any CPU.Build.0 = Release|Any CPU
		{5270F84D-8FF4-4756-83B0-78DD9777643D}.Debug|Any CPU.ActiveCfg = DebugWithReal|Any CPU
		{5270F84D-8FF4-4756-83B0-78DD9777643D}.Debug|Any CPU.Build.0 = DebugWithReal|Any CPU
		{5270F84D-8FF4-4756-83B0-78DD9777643D}.Release|Any CPU.ActiveCfg = Release|Any CPU
		{5270F84D-8FF4-4756-83B0-78DD9777643D}.Release|Any CPU.Build.0 = Release|Any CPU
		{A4245326-BB01-4B7A-B4DE-6EBCA9C8094E}.Debug|Any CPU.ActiveCfg = DebugWithFake|Any CPU
		{A4245326-BB01-4B7A-B4DE-6EBCA9C8094E}.Debug|Any CPU.Build.0 = DebugWithFake|Any CPU
		{A4245326-BB01-4B7A-B4DE-6EBCA9C8094E}.Release|Any CPU.ActiveCfg = Release|Any CPU
		{A4245326-BB01-4B7A-B4DE-6EBCA9C8094E}.Release|Any CPU.Build.0 = Release|Any CPU
	EndGlobalSection
	GlobalSection(SolutionProperties) = preSolution
		HideSolutionNode = FALSE
	EndGlobalSection
	GlobalSection(NestedProjects) = preSolution
		{536D34E4-A409-4567-B7C6-58F50206740E} = {82A80FDA-774E-4347-94D8-3CB3824103DE}
		{49724A56-9FA9-44C4-B731-1E414EE598BC} = {82A80FDA-774E-4347-94D8-3CB3824103DE}
		{33766857-5FCE-4C2C-B167-E76A9F521FF0} = {82A80FDA-774E-4347-94D8-3CB3824103DE}
		{5270F84D-8FF4-4756-83B0-78DD9777643D} = {3F904694-4957-4160-A3BC-FF1D9F241694}
		{A4245326-BB01-4B7A-B4DE-6EBCA9C8094E} = {3F904694-4957-4160-A3BC-FF1D9F241694}
	EndGlobalSection
	GlobalSection(ExtensibilityGlobals) = postSolution
		SolutionGuid = {5451F62C-93DB-4DAE-9553-716FBF65D68A}
	EndGlobalSection
EndGlobal
